
Microsoft Visual Studio Solution File, Format Version 12.00
# Visual Studio 15
VisualStudioVersion = 15.0.26430.15
MinimumVisualStudioVersion = 10.0.40219.1
Project("{FAE04EC0-301F-11D3-BF4B-00C04F79EFBC}") = "Patterns", "ConsoleApp1\Patterns.csproj", "{3C83F677-6986-44A2-839C-1FFD3D85681A}"
EndProject
Project("{FAE04EC0-301F-11D3-BF4B-00C04F79EFBC}") = "PatternsTests", "PatternsTests\PatternsTests.csproj", "{19740056-9E2C-42AB-BEB4-AE53AD86D004}"
EndProject
Global
	GlobalSection(SolutionConfigurationPlatforms) = preSolution
		Debug|Any CPU = Debug|Any CPU
		Release|Any CPU = Release|Any CPU
	EndGlobalSection
	GlobalSection(ProjectConfigurationPlatforms) = postSolution
		{3C83F677-6986-44A2-839C-1FFD3D85681A}.Debug|Any CPU.ActiveCfg = Debug|Any CPU
		{3C83F677-6986-44A2-839C-1FFD3D85681A}.Debug|Any CPU.Build.0 = Debug|Any CPU
		{3C83F677-6986-44A2-839C-1FFD3D85681A}.Release|Any CPU.ActiveCfg = Release|Any CPU
		{3C83F677-6986-44A2-839C-1FFD3D85681A}.Release|Any CPU.Build.0 = Release|Any CPU
		{19740056-9E2C-42AB-BEB4-AE53AD86D004}.Debug|Any CPU.ActiveCfg = Debug|Any CPU
		{19740056-9E2C-42AB-BEB4-AE53AD86D004}.Debug|Any CPU.Build.0 = Debug|Any CPU
		{19740056-9E2C-42AB-BEB4-AE53AD86D004}.Release|Any CPU.ActiveCfg = Release|Any CPU
		{19740056-9E2C-42AB-BEB4-AE53AD86D004}.Release|Any CPU.Build.0 = Release|Any CPU
	EndGlobalSection
	GlobalSection(SolutionProperties) = preSolution
		HideSolutionNode = FALSE
	EndGlobalSection
EndGlobal
